{
  "object": {
    "pins": [
      {
        "package": "QRCodeGenerator",
        "repositoryURL": "https://github.com/BlockchainCommons/QRCodeGenerator.git",
        "state": {
          "branch": null,
          "revision": "0705b9ddfbd1deab5a0b59d0364516593de77e03",
          "version": "0.1.2"
        }
      }
    ]
  },
  "version": 1
}
