{
  "object": {
    "pins": [
      {
        "package": "QRCodeGenerator",
        "repositoryURL": "https://github.com/BlockchainCommons/QRCodeGenerator.git",
        "state": {
          "branch": null,
          "revision": "76549d605575643ea0bad1d81c5443b76519743f",
          "version": "0.1.4"
        }
      }
    ]
  },
  "version": 1
}
