{
  "object": {
    "pins": [
      {
        "package": "QRCodeGenerator",
        "repositoryURL": "https://github.com/BlockchainCommons/QRCodeGenerator.git",
        "state": {
          "branch": null,
          "revision": "5925d42c6e4cc6b88c47a6b66d622c5e9568b45b",
          "version": "0.1.3"
        }
      }
    ]
  },
  "version": 1
}
